
Microsoft Visual Studio Solution File, Format Version 12.00
# Visual Studio Version 17
VisualStudioVersion = 17.0.32014.148
MinimumVisualStudioVersion = 10.0.40219.1
Project("{8BC9CEB8-8B4A-11D0-8D11-00A0C91BC942}") = "hidapi", "hidapi.vcxproj", "{A6954A65-3EFE-43D7-8178-7E22D7EE4060}"
EndProject
Project("{8BC9CEB8-8B4A-11D0-8D11-00A0C91BC942}") = "Relativty_Driver", "Relativty_Driver.vcxproj", "{D20779F6-B7C6-4E77-83FD-E16E80EC3CD9}"
	ProjectSection(ProjectDependencies) = postProject
		{A6954A65-3EFE-43D7-8178-7E22D7EE4060} = {A6954A65-3EFE-43D7-8178-7E22D7EE4060}
		{1EE7146F-EA76-4FC2-A0B0-D4A9C1A42AFD} = {1EE7146F-EA76-4FC2-A0B0-D4A9C1A42AFD}
	EndProjectSection
EndProject
Project("{8BC9CEB8-8B4A-11D0-8D11-00A0C91BC942}") = "DriverLog", "DriverLog\DriverLog.vcxproj", "{1EE7146F-EA76-4FC2-A0B0-D4A9C1A42AFD}"
EndProject
Project("{8BC9CEB8-8B4A-11D0-8D11-00A0C91BC942}") = "openhmd", "..\..\..\..\..\SteamVR-OpenHMD-master\subprojects\openhmd\openhmd.vcxproj", "{282C70D2-DE5B-3859-B0B2-8B6235AF918C}"
EndProject
Global
	GlobalSection(SolutionConfigurationPlatforms) = preSolution
		Debug|x64 = Debug|x64
		Debug|x86 = Debug|x86
		MinSizeRel|x64 = MinSizeRel|x64
		MinSizeRel|x86 = MinSizeRel|x86
		Release|x64 = Release|x64
		Release|x86 = Release|x86
		RelWithDebInfo|x64 = RelWithDebInfo|x64
		RelWithDebInfo|x86 = RelWithDebInfo|x86
	EndGlobalSection
	GlobalSection(ProjectConfigurationPlatforms) = postSolution
		{A6954A65-3EFE-43D7-8178-7E22D7EE4060}.Debug|x64.ActiveCfg = Debug|x64
		{A6954A65-3EFE-43D7-8178-7E22D7EE4060}.Debug|x64.Build.0 = Debug|x64
		{A6954A65-3EFE-43D7-8178-7E22D7EE4060}.Debug|x86.ActiveCfg = Debug|Win32
		{A6954A65-3EFE-43D7-8178-7E22D7EE4060}.Debug|x86.Build.0 = Debug|Win32
		{A6954A65-3EFE-43D7-8178-7E22D7EE4060}.MinSizeRel|x64.ActiveCfg = Release|x64
		{A6954A65-3EFE-43D7-8178-7E22D7EE4060}.MinSizeRel|x64.Build.0 = Release|x64
		{A6954A65-3EFE-43D7-8178-7E22D7EE4060}.MinSizeRel|x86.ActiveCfg = Release|Win32
		{A6954A65-3EFE-43D7-8178-7E22D7EE4060}.MinSizeRel|x86.Build.0 = Release|Win32
		{A6954A65-3EFE-43D7-8178-7E22D7EE4060}.Release|x64.ActiveCfg = Release|x64
		{A6954A65-3EFE-43D7-8178-7E22D7EE4060}.Release|x64.Build.0 = Release|x64
		{A6954A65-3EFE-43D7-8178-7E22D7EE4060}.Release|x86.ActiveCfg = Release|Win32
		{A6954A65-3EFE-43D7-8178-7E22D7EE4060}.Release|x86.Build.0 = Release|Win32
		{A6954A65-3EFE-43D7-8178-7E22D7EE4060}.RelWithDebInfo|x64.ActiveCfg = Release|x64
		{A6954A65-3EFE-43D7-8178-7E22D7EE4060}.RelWithDebInfo|x64.Build.0 = Release|x64
		{A6954A65-3EFE-43D7-8178-7E22D7EE4060}.RelWithDebInfo|x86.ActiveCfg = Release|Win32
		{A6954A65-3EFE-43D7-8178-7E22D7EE4060}.RelWithDebInfo|x86.Build.0 = Release|Win32
		{D20779F6-B7C6-4E77-83FD-E16E80EC3CD9}.Debug|x64.ActiveCfg = Debug|x64
		{D20779F6-B7C6-4E77-83FD-E16E80EC3CD9}.Debug|x64.Build.0 = Debug|x64
		{D20779F6-B7C6-4E77-83FD-E16E80EC3CD9}.Debug|x86.ActiveCfg = Debug|Win32
		{D20779F6-B7C6-4E77-83FD-E16E80EC3CD9}.Debug|x86.Build.0 = Debug|Win32
		{D20779F6-B7C6-4E77-83FD-E16E80EC3CD9}.MinSizeRel|x64.ActiveCfg = Release|x64
		{D20779F6-B7C6-4E77-83FD-E16E80EC3CD9}.MinSizeRel|x64.Build.0 = Release|x64
		{D20779F6-B7C6-4E77-83FD-E16E80EC3CD9}.MinSizeRel|x86.ActiveCfg = Release|Win32
		{D20779F6-B7C6-4E77-83FD-E16E80EC3CD9}.MinSizeRel|x86.Build.0 = Release|Win32
		{D20779F6-B7C6-4E77-83FD-E16E80EC3CD9}.Release|x64.ActiveCfg = Release|x64
		{D20779F6-B7C6-4E77-83FD-E16E80EC3CD9}.Release|x64.Build.0 = Release|x64
		{D20779F6-B7C6-4E77-83FD-E16E80EC3CD9}.Release|x86.ActiveCfg = Release|Win32
		{D20779F6-B7C6-4E77-83FD-E16E80EC3CD9}.Release|x86.Build.0 = Release|Win32
		{D20779F6-B7C6-4E77-83FD-E16E80EC3CD9}.RelWithDebInfo|x64.ActiveCfg = Release|x64
		{D20779F6-B7C6-4E77-83FD-E16E80EC3CD9}.RelWithDebInfo|x64.Build.0 = Release|x64
		{D20779F6-B7C6-4E77-83FD-E16E80EC3CD9}.RelWithDebInfo|x86.ActiveCfg = Release|Win32
		{D20779F6-B7C6-4E77-83FD-E16E80EC3CD9}.RelWithDebInfo|x86.Build.0 = Release|Win32
		{1EE7146F-EA76-4FC2-A0B0-D4A9C1A42AFD}.Debug|x64.ActiveCfg = Debug|x64
		{1EE7146F-EA76-4FC2-A0B0-D4A9C1A42AFD}.Debug|x64.Build.0 = Debug|x64
		{1EE7146F-EA76-4FC2-A0B0-D4A9C1A42AFD}.Debug|x86.ActiveCfg = Debug|Win32
		{1EE7146F-EA76-4FC2-A0B0-D4A9C1A42AFD}.Debug|x86.Build.0 = Debug|Win32
		{1EE7146F-EA76-4FC2-A0B0-D4A9C1A42AFD}.MinSizeRel|x64.ActiveCfg = Release|x64
		{1EE7146F-EA76-4FC2-A0B0-D4A9C1A42AFD}.MinSizeRel|x64.Build.0 = Release|x64
		{1EE7146F-EA76-4FC2-A0B0-D4A9C1A42AFD}.MinSizeRel|x86.ActiveCfg = Release|Win32
		{1EE7146F-EA76-4FC2-A0B0-D4A9C1A42AFD}.MinSizeRel|x86.Build.0 = Release|Win32
		{1EE7146F-EA76-4FC2-A0B0-D4A9C1A42AFD}.Release|x64.ActiveCfg = Release|x64
		{1EE7146F-EA76-4FC2-A0B0-D4A9C1A42AFD}.Release|x64.Build.0 = Release|x64
		{1EE7146F-EA76-4FC2-A0B0-D4A9C1A42AFD}.Release|x86.ActiveCfg = Release|Win32
		{1EE7146F-EA76-4FC2-A0B0-D4A9C1A42AFD}.Release|x86.Build.0 = Release|Win32
		{1EE7146F-EA76-4FC2-A0B0-D4A9C1A42AFD}.RelWithDebInfo|x64.ActiveCfg = Release|x64
		{1EE7146F-EA76-4FC2-A0B0-D4A9C1A42AFD}.RelWithDebInfo|x64.Build.0 = Release|x64
		{1EE7146F-EA76-4FC2-A0B0-D4A9C1A42AFD}.RelWithDebInfo|x86.ActiveCfg = Release|Win32
		{1EE7146F-EA76-4FC2-A0B0-D4A9C1A42AFD}.RelWithDebInfo|x86.Build.0 = Release|Win32
		{282C70D2-DE5B-3859-B0B2-8B6235AF918C}.Debug|x64.ActiveCfg = Debug|x64
		{282C70D2-DE5B-3859-B0B2-8B6235AF918C}.Debug|x64.Build.0 = Debug|x64
		{282C70D2-DE5B-3859-B0B2-8B6235AF918C}.Debug|x86.ActiveCfg = Debug|x64
		{282C70D2-DE5B-3859-B0B2-8B6235AF918C}.Debug|x86.Build.0 = Debug|x64
		{282C70D2-DE5B-3859-B0B2-8B6235AF918C}.MinSizeRel|x64.ActiveCfg = MinSizeRel|x64
		{282C70D2-DE5B-3859-B0B2-8B6235AF918C}.MinSizeRel|x64.Build.0 = MinSizeRel|x64
		{282C70D2-DE5B-3859-B0B2-8B6235AF918C}.MinSizeRel|x86.ActiveCfg = MinSizeRel|x64
		{282C70D2-DE5B-3859-B0B2-8B6235AF918C}.MinSizeRel|x86.Build.0 = MinSizeRel|x64
		{282C70D2-DE5B-3859-B0B2-8B6235AF918C}.Release|x64.ActiveCfg = Release|x64
		{282C70D2-DE5B-3859-B0B2-8B6235AF918C}.Release|x64.Build.0 = Release|x64
		{282C70D2-DE5B-3859-B0B2-8B6235AF918C}.Release|x86.ActiveCfg = Release|x64
		{282C70D2-DE5B-3859-B0B2-8B6235AF918C}.Release|x86.Build.0 = Release|x64
		{282C70D2-DE5B-3859-B0B2-8B6235AF918C}.RelWithDebInfo|x64.ActiveCfg = RelWithDebInfo|x64
		{282C70D2-DE5B-3859-B0B2-8B6235AF918C}.RelWithDebInfo|x64.Build.0 = RelWithDebInfo|x64
		{282C70D2-DE5B-3859-B0B2-8B6235AF918C}.RelWithDebInfo|x86.ActiveCfg = RelWithDebInfo|x64
		{282C70D2-DE5B-3859-B0B2-8B6235AF918C}.RelWithDebInfo|x86.Build.0 = RelWithDebInfo|x64
	EndGlobalSection
	GlobalSection(SolutionProperties) = preSolution
		HideSolutionNode = FALSE
	EndGlobalSection
	GlobalSection(ExtensibilityGlobals) = postSolution
		SolutionGuid = {38E61A47-D895-43D3-8166-C7C329665ED0}
	EndGlobalSection
EndGlobal
